
Microsoft Visual Studio Solution File, Format Version 12.00
# Visual Studio for Mac
Project("{FAE04EC0-301F-11D3-BF4B-00C04F79EFBC}") = "The Core", "Assembly-CSharp-firstpass.csproj", "{28D3619D-2999-4B1D-CB48-BA2310C8E8D7}"
EndProject
Project("{FAE04EC0-301F-11D3-BF4B-00C04F79EFBC}") = "The Core", "Assembly-CSharp.csproj", "{83064943-8E4B-3683-BB72-1E209872ABF8}"
EndProject
Project("{FAE04EC0-301F-11D3-BF4B-00C04F79EFBC}") = "The Core", "Assembly-CSharp-Editor-firstpass.csproj", "{3B8E5AAC-A894-40D9-0D67-907D24081253}"
EndProject
Global
	GlobalSection(SolutionConfigurationPlatforms) = preSolution
		Debug|Any CPU = Debug|Any CPU
		Release|Any CPU = Release|Any CPU
	EndGlobalSection
	GlobalSection(ProjectConfigurationPlatforms) = postSolution
		{28D3619D-2999-4B1D-CB48-BA2310C8E8D7}.Debug|Any CPU.ActiveCfg = Debug|Any CPU
		{28D3619D-2999-4B1D-CB48-BA2310C8E8D7}.Debug|Any CPU.Build.0 = Debug|Any CPU
		{28D3619D-2999-4B1D-CB48-BA2310C8E8D7}.Release|Any CPU.ActiveCfg = Release|Any CPU
		{28D3619D-2999-4B1D-CB48-BA2310C8E8D7}.Release|Any CPU.Build.0 = Release|Any CPU
		{83064943-8E4B-3683-BB72-1E209872ABF8}.Debug|Any CPU.ActiveCfg = Debug|Any CPU
		{83064943-8E4B-3683-BB72-1E209872ABF8}.Debug|Any CPU.Build.0 = Debug|Any CPU
		{83064943-8E4B-3683-BB72-1E209872ABF8}.Release|Any CPU.ActiveCfg = Release|Any CPU
		{83064943-8E4B-3683-BB72-1E209872ABF8}.Release|Any CPU.Build.0 = Release|Any CPU
		{3B8E5AAC-A894-40D9-0D67-907D24081253}.Debug|Any CPU.ActiveCfg = Debug|Any CPU
		{3B8E5AAC-A894-40D9-0D67-907D24081253}.Debug|Any CPU.Build.0 = Debug|Any CPU
		{3B8E5AAC-A894-40D9-0D67-907D24081253}.Release|Any CPU.ActiveCfg = Release|Any CPU
		{3B8E5AAC-A894-40D9-0D67-907D24081253}.Release|Any CPU.Build.0 = Release|Any CPU
	EndGlobalSection
	GlobalSection(SolutionProperties) = preSolution
		HideSolutionNode = FALSE
	EndGlobalSection
EndGlobal
